// !$*UTF8*$!
{
	archiveVersion = 1;
	classes = {
	};
	objectVersion = 55;
	objects = {

/* Begin PBXBuildFile section */
		FB12142529238DE200641E76 /* SearchVC.swift in Sources */ = {isa = PBXBuildFile; fileRef = FB12142429238DE200641E76 /* SearchVC.swift */; };
		FB42E13B292C10B7009224CB /* FirebaseAnalytics in Frameworks */ = {isa = PBXBuildFile; productRef = FB42E13A292C10B7009224CB /* FirebaseAnalytics */; };
		FB42E13D292C10B7009224CB /* FirebaseAuth in Frameworks */ = {isa = PBXBuildFile; productRef = FB42E13C292C10B7009224CB /* FirebaseAuth */; };
		FB42E13F292C10B7009224CB /* FirebaseDatabase in Frameworks */ = {isa = PBXBuildFile; productRef = FB42E13E292C10B7009224CB /* FirebaseDatabase */; };
		FB42E141292C10B7009224CB /* FirebaseFirestore in Frameworks */ = {isa = PBXBuildFile; productRef = FB42E140292C10B7009224CB /* FirebaseFirestore */; };
		FB54FEC127568E0A00F320A5 /* MenuVC.swift in Sources */ = {isa = PBXBuildFile; fileRef = FB54FEC027568E0A00F320A5 /* MenuVC.swift */; };
		FB54FEC527592B2700F320A5 /* PlaceVC.swift in Sources */ = {isa = PBXBuildFile; fileRef = FB54FEC427592B2600F320A5 /* PlaceVC.swift */; };
		FB60A0C52919473600E1B5BB /* SignUpVC.swift in Sources */ = {isa = PBXBuildFile; fileRef = FB60A0C42919473600E1B5BB /* SignUpVC.swift */; };
		FB60A0C72919490D00E1B5BB /* HomeVC.swift in Sources */ = {isa = PBXBuildFile; fileRef = FB60A0C62919490D00E1B5BB /* HomeVC.swift */; };
		FB60A0D2291970E900E1B5BB /* SignInVC.swift in Sources */ = {isa = PBXBuildFile; fileRef = FB60A0D1291970E900E1B5BB /* SignInVC.swift */; };
		FB827F10274C52EB0050903A /* AppDelegate.swift in Sources */ = {isa = PBXBuildFile; fileRef = FB827F0F274C52EB0050903A /* AppDelegate.swift */; };
		FB827F12274C52EB0050903A /* SceneDelegate.swift in Sources */ = {isa = PBXBuildFile; fileRef = FB827F11274C52EB0050903A /* SceneDelegate.swift */; };
		FB827F14274C52EB0050903A /* MapVC.swift in Sources */ = {isa = PBXBuildFile; fileRef = FB827F13274C52EB0050903A /* MapVC.swift */; };
		FB827F17274C52EB0050903A /* Main.storyboard in Resources */ = {isa = PBXBuildFile; fileRef = FB827F15274C52EB0050903A /* Main.storyboard */; };
		FB827F19274C52ED0050903A /* Assets.xcassets in Resources */ = {isa = PBXBuildFile; fileRef = FB827F18274C52ED0050903A /* Assets.xcassets */; };
		FB827F1C274C52ED0050903A /* LaunchScreen.storyboard in Resources */ = {isa = PBXBuildFile; fileRef = FB827F1A274C52ED0050903A /* LaunchScreen.storyboard */; };
		FB861F722922F1CC00D31207 /* UserServiceTest.swift in Sources */ = {isa = PBXBuildFile; fileRef = FB861F712922F1CB00D31207 /* UserServiceTest.swift */; };
		FB88270A27C7F13200C3FBDA /* MenuCell.swift in Sources */ = {isa = PBXBuildFile; fileRef = FB88270927C7F13200C3FBDA /* MenuCell.swift */; };
		FBB31C6A2932903A009A7DD0 /* Extension.swift in Sources */ = {isa = PBXBuildFile; fileRef = FBB31C692932903A009A7DD0 /* Extension.swift */; };
		FBC5C058291A994200A9BB49 /* UserService.swift in Sources */ = {isa = PBXBuildFile; fileRef = FBC5C057291A994200A9BB49 /* UserService.swift */; };
		FBC5C05E291BA0CA00A9BB49 /* AccountVC.swift in Sources */ = {isa = PBXBuildFile; fileRef = FBC5C05D291BA0CA00A9BB49 /* AccountVC.swift */; };
		FBCAC93B274C5A3D00FE4093 /* MapKit.framework in Frameworks */ = {isa = PBXBuildFile; fileRef = FBCAC93A274C5A3D00FE4093 /* MapKit.framework */; };
		FBDCE2A42902E70E006A11C6 /* GoogleService-Info.plist in Resources */ = {isa = PBXBuildFile; fileRef = FBDCE2A32902E70E006A11C6 /* GoogleService-Info.plist */; };
		FBDCE2B22906D97E006A11C6 /* Place.swift in Sources */ = {isa = PBXBuildFile; fileRef = FBDCE2B12906D97E006A11C6 /* Place.swift */; };
		FBDCE2B82906DA44006A11C6 /* PlaceService.swift in Sources */ = {isa = PBXBuildFile; fileRef = FBDCE2B72906DA44006A11C6 /* PlaceService.swift */; };
		FBE098072924DF9000152A8D /* PlaceServiceTest.swift in Sources */ = {isa = PBXBuildFile; fileRef = FBE098062924DF9000152A8D /* PlaceServiceTest.swift */; };
/* End PBXBuildFile section */

/* Begin PBXContainerItemProxy section */
		FB827F23274C52ED0050903A /* PBXContainerItemProxy */ = {
			isa = PBXContainerItemProxy;
			containerPortal = FB827F04274C52EB0050903A /* Project object */;
			proxyType = 1;
			remoteGlobalIDString = FB827F0B274C52EB0050903A;
			remoteInfo = ChangingBaby;
		};
/* End PBXContainerItemProxy section */

/* Begin PBXFileReference section */
		FB12142429238DE200641E76 /* SearchVC.swift */ = {isa = PBXFileReference; lastKnownFileType = sourcecode.swift; path = SearchVC.swift; sourceTree = "<group>"; };
		FB54FEC027568E0A00F320A5 /* MenuVC.swift */ = {isa = PBXFileReference; lastKnownFileType = sourcecode.swift; path = MenuVC.swift; sourceTree = "<group>"; };
		FB54FEC427592B2600F320A5 /* PlaceVC.swift */ = {isa = PBXFileReference; lastKnownFileType = sourcecode.swift; path = PlaceVC.swift; sourceTree = "<group>"; };
		FB60A0C42919473600E1B5BB /* SignUpVC.swift */ = {isa = PBXFileReference; lastKnownFileType = sourcecode.swift; path = SignUpVC.swift; sourceTree = "<group>"; };
		FB60A0C62919490D00E1B5BB /* HomeVC.swift */ = {isa = PBXFileReference; lastKnownFileType = sourcecode.swift; path = HomeVC.swift; sourceTree = "<group>"; };
		FB60A0D1291970E900E1B5BB /* SignInVC.swift */ = {isa = PBXFileReference; lastKnownFileType = sourcecode.swift; path = SignInVC.swift; sourceTree = "<group>"; };
		FB827F0C274C52EB0050903A /* ChangingBaby.app */ = {isa = PBXFileReference; explicitFileType = wrapper.application; includeInIndex = 0; path = ChangingBaby.app; sourceTree = BUILT_PRODUCTS_DIR; };
		FB827F0F274C52EB0050903A /* AppDelegate.swift */ = {isa = PBXFileReference; lastKnownFileType = sourcecode.swift; path = AppDelegate.swift; sourceTree = "<group>"; };
		FB827F11274C52EB0050903A /* SceneDelegate.swift */ = {isa = PBXFileReference; lastKnownFileType = sourcecode.swift; path = SceneDelegate.swift; sourceTree = "<group>"; };
		FB827F13274C52EB0050903A /* MapVC.swift */ = {isa = PBXFileReference; lastKnownFileType = sourcecode.swift; path = MapVC.swift; sourceTree = "<group>"; };
		FB827F16274C52EB0050903A /* Base */ = {isa = PBXFileReference; lastKnownFileType = file.storyboard; name = Base; path = Base.lproj/Main.storyboard; sourceTree = "<group>"; };
		FB827F18274C52ED0050903A /* Assets.xcassets */ = {isa = PBXFileReference; lastKnownFileType = folder.assetcatalog; path = Assets.xcassets; sourceTree = "<group>"; };
		FB827F1B274C52ED0050903A /* Base */ = {isa = PBXFileReference; lastKnownFileType = file.storyboard; name = Base; path = Base.lproj/LaunchScreen.storyboard; sourceTree = "<group>"; };
		FB827F1D274C52ED0050903A /* Info.plist */ = {isa = PBXFileReference; lastKnownFileType = text.plist.xml; path = Info.plist; sourceTree = "<group>"; };
		FB827F22274C52ED0050903A /* ChangingBabyTests.xctest */ = {isa = PBXFileReference; explicitFileType = wrapper.cfbundle; includeInIndex = 0; path = ChangingBabyTests.xctest; sourceTree = BUILT_PRODUCTS_DIR; };
		FB861F712922F1CB00D31207 /* UserServiceTest.swift */ = {isa = PBXFileReference; lastKnownFileType = sourcecode.swift; path = UserServiceTest.swift; sourceTree = "<group>"; };
		FB88270927C7F13200C3FBDA /* MenuCell.swift */ = {isa = PBXFileReference; lastKnownFileType = sourcecode.swift; path = MenuCell.swift; sourceTree = "<group>"; };
		FBB31C692932903A009A7DD0 /* Extension.swift */ = {isa = PBXFileReference; lastKnownFileType = sourcecode.swift; path = Extension.swift; sourceTree = "<group>"; };
		FBC5C057291A994200A9BB49 /* UserService.swift */ = {isa = PBXFileReference; lastKnownFileType = sourcecode.swift; path = UserService.swift; sourceTree = "<group>"; };
		FBC5C05D291BA0CA00A9BB49 /* AccountVC.swift */ = {isa = PBXFileReference; lastKnownFileType = sourcecode.swift; path = AccountVC.swift; sourceTree = "<group>"; };
		FBCAC93A274C5A3D00FE4093 /* MapKit.framework */ = {isa = PBXFileReference; lastKnownFileType = wrapper.framework; name = MapKit.framework; path = System/Library/Frameworks/MapKit.framework; sourceTree = SDKROOT; };
		FBDCE2A32902E70E006A11C6 /* GoogleService-Info.plist */ = {isa = PBXFileReference; lastKnownFileType = text.plist; path = "GoogleService-Info.plist"; sourceTree = SOURCE_ROOT; };
		FBDCE2B12906D97E006A11C6 /* Place.swift */ = {isa = PBXFileReference; lastKnownFileType = sourcecode.swift; path = Place.swift; sourceTree = "<group>"; };
		FBDCE2B72906DA44006A11C6 /* PlaceService.swift */ = {isa = PBXFileReference; lastKnownFileType = sourcecode.swift; path = PlaceService.swift; sourceTree = "<group>"; };
		FBE098062924DF9000152A8D /* PlaceServiceTest.swift */ = {isa = PBXFileReference; lastKnownFileType = sourcecode.swift; path = PlaceServiceTest.swift; sourceTree = "<group>"; };
/* End PBXFileReference section */

/* Begin PBXFrameworksBuildPhase section */
		FB827F09274C52EB0050903A /* Frameworks */ = {
			isa = PBXFrameworksBuildPhase;
			buildActionMask = 2147483647;
			files = (
				FB42E13B292C10B7009224CB /* FirebaseAnalytics in Frameworks */,
				FB42E13D292C10B7009224CB /* FirebaseAuth in Frameworks */,
				FB42E13F292C10B7009224CB /* FirebaseDatabase in Frameworks */,
				FB42E141292C10B7009224CB /* FirebaseFirestore in Frameworks */,
				FBCAC93B274C5A3D00FE4093 /* MapKit.framework in Frameworks */,
			);
			runOnlyForDeploymentPostprocessing = 0;
		};
		FB827F1F274C52ED0050903A /* Frameworks */ = {
			isa = PBXFrameworksBuildPhase;
			buildActionMask = 2147483647;
			files = (
			);
			runOnlyForDeploymentPostprocessing = 0;
		};
/* End PBXFrameworksBuildPhase section */

/* Begin PBXGroup section */
		FB827F03274C52EB0050903A = {
			isa = PBXGroup;
			children = (
				FB827F3F274C52FB0050903A /* Model */,
				FB827F40274C53040050903A /* View */,
				FB827F41274C53110050903A /* Controller */,
				FB827F42274C531B0050903A /* Ressources */,
				FB827F0E274C52EB0050903A /* ChangingBaby */,
				FB827F25274C52ED0050903A /* ChangingBabyTests */,
				FB827F0D274C52EB0050903A /* Products */,
				FBCAC939274C5A3D00FE4093 /* Frameworks */,
			);
			sourceTree = "<group>";
		};
		FB827F0D274C52EB0050903A /* Products */ = {
			isa = PBXGroup;
			children = (
				FB827F0C274C52EB0050903A /* ChangingBaby.app */,
				FB827F22274C52ED0050903A /* ChangingBabyTests.xctest */,
			);
			name = Products;
			sourceTree = "<group>";
		};
		FB827F0E274C52EB0050903A /* ChangingBaby */ = {
			isa = PBXGroup;
			children = (
				FB827F1D274C52ED0050903A /* Info.plist */,
			);
			path = ChangingBaby;
			sourceTree = "<group>";
		};
		FB827F25274C52ED0050903A /* ChangingBabyTests */ = {
			isa = PBXGroup;
			children = (
				FB861F712922F1CB00D31207 /* UserServiceTest.swift */,
				FBE098062924DF9000152A8D /* PlaceServiceTest.swift */,
			);
			path = ChangingBabyTests;
			sourceTree = "<group>";
		};
		FB827F3F274C52FB0050903A /* Model */ = {
			isa = PBXGroup;
			children = (
				FBDCE2B12906D97E006A11C6 /* Place.swift */,
				FBDCE2B72906DA44006A11C6 /* PlaceService.swift */,
				FBC5C057291A994200A9BB49 /* UserService.swift */,
			);
			name = Model;
			path = ChangingBaby/Model;
			sourceTree = "<group>";
		};
		FB827F40274C53040050903A /* View */ = {
			isa = PBXGroup;
			children = (
				FB827F15274C52EB0050903A /* Main.storyboard */,
				FB827F1A274C52ED0050903A /* LaunchScreen.storyboard */,
				FB88270927C7F13200C3FBDA /* MenuCell.swift */,
				FBB31C692932903A009A7DD0 /* Extension.swift */,
			);
			path = View;
			sourceTree = "<group>";
		};
		FB827F41274C53110050903A /* Controller */ = {
			isa = PBXGroup;
			children = (
				FB60A0C62919490D00E1B5BB /* HomeVC.swift */,
				FB827F13274C52EB0050903A /* MapVC.swift */,
				FBC5C05D291BA0CA00A9BB49 /* AccountVC.swift */,
				FB60A0C42919473600E1B5BB /* SignUpVC.swift */,
				FB60A0D1291970E900E1B5BB /* SignInVC.swift */,
				FB54FEC027568E0A00F320A5 /* MenuVC.swift */,
				FB54FEC427592B2600F320A5 /* PlaceVC.swift */,
				FB12142429238DE200641E76 /* SearchVC.swift */,
			);
			name = Controller;
			path = ChangingBaby/Controller;
			sourceTree = "<group>";
		};
		FB827F42274C531B0050903A /* Ressources */ = {
			isa = PBXGroup;
			children = (
				FBDCE2A32902E70E006A11C6 /* GoogleService-Info.plist */,
				FB827F18274C52ED0050903A /* Assets.xcassets */,
				FB827F11274C52EB0050903A /* SceneDelegate.swift */,
				FB827F0F274C52EB0050903A /* AppDelegate.swift */,
			);
			name = Ressources;
			path = ChangingBaby/Ressources;
			sourceTree = "<group>";
		};
		FBCAC939274C5A3D00FE4093 /* Frameworks */ = {
			isa = PBXGroup;
			children = (
				FBCAC93A274C5A3D00FE4093 /* MapKit.framework */,
			);
			name = Frameworks;
			sourceTree = "<group>";
		};
/* End PBXGroup section */

/* Begin PBXNativeTarget section */
		FB827F0B274C52EB0050903A /* ChangingBaby */ = {
			isa = PBXNativeTarget;
			buildConfigurationList = FB827F36274C52ED0050903A /* Build configuration list for PBXNativeTarget "ChangingBaby" */;
			buildPhases = (
				FB827F08274C52EB0050903A /* Sources */,
				FB827F09274C52EB0050903A /* Frameworks */,
				FB827F0A274C52EB0050903A /* Resources */,
			);
			buildRules = (
			);
			dependencies = (
			);
			name = ChangingBaby;
			packageProductDependencies = (
				FB42E13A292C10B7009224CB /* FirebaseAnalytics */,
				FB42E13C292C10B7009224CB /* FirebaseAuth */,
				FB42E13E292C10B7009224CB /* FirebaseDatabase */,
				FB42E140292C10B7009224CB /* FirebaseFirestore */,
			);
			productName = ChangingBaby;
			productReference = FB827F0C274C52EB0050903A /* ChangingBaby.app */;
			productType = "com.apple.product-type.application";
		};
		FB827F21274C52ED0050903A /* ChangingBabyTests */ = {
			isa = PBXNativeTarget;
			buildConfigurationList = FB827F39274C52ED0050903A /* Build configuration list for PBXNativeTarget "ChangingBabyTests" */;
			buildPhases = (
				FB827F1E274C52ED0050903A /* Sources */,
				FB827F1F274C52ED0050903A /* Frameworks */,
				FB827F20274C52ED0050903A /* Resources */,
			);
			buildRules = (
			);
			dependencies = (
				FB827F24274C52ED0050903A /* PBXTargetDependency */,
			);
			name = ChangingBabyTests;
			productName = ChangingBabyTests;
			productReference = FB827F22274C52ED0050903A /* ChangingBabyTests.xctest */;
			productType = "com.apple.product-type.bundle.unit-test";
		};
/* End PBXNativeTarget section */

/* Begin PBXProject section */
		FB827F04274C52EB0050903A /* Project object */ = {
			isa = PBXProject;
			attributes = {
				BuildIndependentTargetsInParallel = 1;
				LastSwiftUpdateCheck = 1310;
				LastUpgradeCheck = 1310;
				TargetAttributes = {
					FB827F0B274C52EB0050903A = {
						CreatedOnToolsVersion = 13.1;
					};
					FB827F21274C52ED0050903A = {
						CreatedOnToolsVersion = 13.1;
						TestTargetID = FB827F0B274C52EB0050903A;
					};
				};
			};
			buildConfigurationList = FB827F07274C52EB0050903A /* Build configuration list for PBXProject "ChangingBaby" */;
			compatibilityVersion = "Xcode 13.0";
			developmentRegion = en;
			hasScannedForEncodings = 0;
			knownRegions = (
				en,
				Base,
			);
			mainGroup = FB827F03274C52EB0050903A;
			packageReferences = (
				FB42E139292C10B7009224CB /* XCRemoteSwiftPackageReference "firebase-ios-sdk" */,
			);
			productRefGroup = FB827F0D274C52EB0050903A /* Products */;
			projectDirPath = "";
			projectRoot = "";
			targets = (
				FB827F0B274C52EB0050903A /* ChangingBaby */,
				FB827F21274C52ED0050903A /* ChangingBabyTests */,
			);
		};
/* End PBXProject section */

/* Begin PBXResourcesBuildPhase section */
		FB827F0A274C52EB0050903A /* Resources */ = {
			isa = PBXResourcesBuildPhase;
			buildActionMask = 2147483647;
			files = (
				FB827F1C274C52ED0050903A /* LaunchScreen.storyboard in Resources */,
				FBDCE2A42902E70E006A11C6 /* GoogleService-Info.plist in Resources */,
				FB827F19274C52ED0050903A /* Assets.xcassets in Resources */,
				FB827F17274C52EB0050903A /* Main.storyboard in Resources */,
			);
			runOnlyForDeploymentPostprocessing = 0;
		};
		FB827F20274C52ED0050903A /* Resources */ = {
			isa = PBXResourcesBuildPhase;
			buildActionMask = 2147483647;
			files = (
			);
			runOnlyForDeploymentPostprocessing = 0;
		};
/* End PBXResourcesBuildPhase section */

/* Begin PBXSourcesBuildPhase section */
		FB827F08274C52EB0050903A /* Sources */ = {
			isa = PBXSourcesBuildPhase;
			buildActionMask = 2147483647;
			files = (
				FBB31C6A2932903A009A7DD0 /* Extension.swift in Sources */,
				FBDCE2B82906DA44006A11C6 /* PlaceService.swift in Sources */,
				FB827F14274C52EB0050903A /* MapVC.swift in Sources */,
				FBC5C05E291BA0CA00A9BB49 /* AccountVC.swift in Sources */,
				FB60A0C72919490D00E1B5BB /* HomeVC.swift in Sources */,
				FB88270A27C7F13200C3FBDA /* MenuCell.swift in Sources */,
				FB827F10274C52EB0050903A /* AppDelegate.swift in Sources */,
				FB54FEC527592B2700F320A5 /* PlaceVC.swift in Sources */,
				FB827F12274C52EB0050903A /* SceneDelegate.swift in Sources */,
				FB12142529238DE200641E76 /* SearchVC.swift in Sources */,
				FB54FEC127568E0A00F320A5 /* MenuVC.swift in Sources */,
				FBC5C058291A994200A9BB49 /* UserService.swift in Sources */,
				FBDCE2B22906D97E006A11C6 /* Place.swift in Sources */,
				FB60A0C52919473600E1B5BB /* SignUpVC.swift in Sources */,
				FB60A0D2291970E900E1B5BB /* SignInVC.swift in Sources */,
			);
			runOnlyForDeploymentPostprocessing = 0;
		};
		FB827F1E274C52ED0050903A /* Sources */ = {
			isa = PBXSourcesBuildPhase;
			buildActionMask = 2147483647;
			files = (
				FB861F722922F1CC00D31207 /* UserServiceTest.swift in Sources */,
				FBE098072924DF9000152A8D /* PlaceServiceTest.swift in Sources */,
			);
			runOnlyForDeploymentPostprocessing = 0;
		};
/* End PBXSourcesBuildPhase section */

/* Begin PBXTargetDependency section */
		FB827F24274C52ED0050903A /* PBXTargetDependency */ = {
			isa = PBXTargetDependency;
			target = FB827F0B274C52EB0050903A /* ChangingBaby */;
			targetProxy = FB827F23274C52ED0050903A /* PBXContainerItemProxy */;
		};
/* End PBXTargetDependency section */

/* Begin PBXVariantGroup section */
		FB827F15274C52EB0050903A /* Main.storyboard */ = {
			isa = PBXVariantGroup;
			children = (
				FB827F16274C52EB0050903A /* Base */,
			);
			name = Main.storyboard;
			sourceTree = "<group>";
		};
		FB827F1A274C52ED0050903A /* LaunchScreen.storyboard */ = {
			isa = PBXVariantGroup;
			children = (
				FB827F1B274C52ED0050903A /* Base */,
			);
			name = LaunchScreen.storyboard;
			sourceTree = "<group>";
		};
/* End PBXVariantGroup section */

/* Begin XCBuildConfiguration section */
		FB827F34274C52ED0050903A /* Debug */ = {
			isa = XCBuildConfiguration;
			buildSettings = {
				ALWAYS_SEARCH_USER_PATHS = NO;
				CLANG_ANALYZER_LOCALIZABILITY_NONLOCALIZED = YES;
				CLANG_ANALYZER_NONNULL = YES;
				CLANG_ANALYZER_NUMBER_OBJECT_CONVERSION = YES_AGGRESSIVE;
				CLANG_CXX_LANGUAGE_STANDARD = "gnu++17";
				CLANG_CXX_LIBRARY = "libc++";
				CLANG_ENABLE_MODULES = YES;
				CLANG_ENABLE_OBJC_ARC = YES;
				CLANG_ENABLE_OBJC_WEAK = YES;
				CLANG_WARN_BLOCK_CAPTURE_AUTORELEASING = YES;
				CLANG_WARN_BOOL_CONVERSION = YES;
				CLANG_WARN_COMMA = YES;
				CLANG_WARN_CONSTANT_CONVERSION = YES;
				CLANG_WARN_DEPRECATED_OBJC_IMPLEMENTATIONS = YES;
				CLANG_WARN_DIRECT_OBJC_ISA_USAGE = YES_ERROR;
				CLANG_WARN_DOCUMENTATION_COMMENTS = YES;
				CLANG_WARN_EMPTY_BODY = YES;
				CLANG_WARN_ENUM_CONVERSION = YES;
				CLANG_WARN_INFINITE_RECURSION = YES;
				CLANG_WARN_INT_CONVERSION = YES;
				CLANG_WARN_NON_LITERAL_NULL_CONVERSION = YES;
				CLANG_WARN_OBJC_IMPLICIT_RETAIN_SELF = YES;
				CLANG_WARN_OBJC_LITERAL_CONVERSION = YES;
				CLANG_WARN_OBJC_ROOT_CLASS = YES_ERROR;
				CLANG_WARN_QUOTED_INCLUDE_IN_FRAMEWORK_HEADER = YES;
				CLANG_WARN_RANGE_LOOP_ANALYSIS = YES;
				CLANG_WARN_STRICT_PROTOTYPES = YES;
				CLANG_WARN_SUSPICIOUS_MOVE = YES;
				CLANG_WARN_UNGUARDED_AVAILABILITY = YES_AGGRESSIVE;
				CLANG_WARN_UNREACHABLE_CODE = YES;
				CLANG_WARN__DUPLICATE_METHOD_MATCH = YES;
				COPY_PHASE_STRIP = NO;
				DEBUG_INFORMATION_FORMAT = dwarf;
				ENABLE_STRICT_OBJC_MSGSEND = YES;
				ENABLE_TESTABILITY = YES;
				GCC_C_LANGUAGE_STANDARD = gnu11;
				GCC_DYNAMIC_NO_PIC = NO;
				GCC_NO_COMMON_BLOCKS = YES;
				GCC_OPTIMIZATION_LEVEL = 0;
				GCC_PREPROCESSOR_DEFINITIONS = (
					"DEBUG=1",
					"$(inherited)",
				);
				GCC_WARN_64_TO_32_BIT_CONVERSION = YES;
				GCC_WARN_ABOUT_RETURN_TYPE = YES_ERROR;
				GCC_WARN_UNDECLARED_SELECTOR = YES;
				GCC_WARN_UNINITIALIZED_AUTOS = YES_AGGRESSIVE;
				GCC_WARN_UNUSED_FUNCTION = YES;
				GCC_WARN_UNUSED_VARIABLE = YES;
				IPHONEOS_DEPLOYMENT_TARGET = 15.0;
				MTL_ENABLE_DEBUG_INFO = INCLUDE_SOURCE;
				MTL_FAST_MATH = YES;
				ONLY_ACTIVE_ARCH = YES;
				SDKROOT = iphoneos;
				SWIFT_ACTIVE_COMPILATION_CONDITIONS = DEBUG;
				SWIFT_OPTIMIZATION_LEVEL = "-Onone";
			};
			name = Debug;
		};
		FB827F35274C52ED0050903A /* Release */ = {
			isa = XCBuildConfiguration;
			buildSettings = {
				ALWAYS_SEARCH_USER_PATHS = NO;
				CLANG_ANALYZER_LOCALIZABILITY_NONLOCALIZED = YES;
				CLANG_ANALYZER_NONNULL = YES;
				CLANG_ANALYZER_NUMBER_OBJECT_CONVERSION = YES_AGGRESSIVE;
				CLANG_CXX_LANGUAGE_STANDARD = "gnu++17";
				CLANG_CXX_LIBRARY = "libc++";
				CLANG_ENABLE_MODULES = YES;
				CLANG_ENABLE_OBJC_ARC = YES;
				CLANG_ENABLE_OBJC_WEAK = YES;
				CLANG_WARN_BLOCK_CAPTURE_AUTORELEASING = YES;
				CLANG_WARN_BOOL_CONVERSION = YES;
				CLANG_WARN_COMMA = YES;
				CLANG_WARN_CONSTANT_CONVERSION = YES;
				CLANG_WARN_DEPRECATED_OBJC_IMPLEMENTATIONS = YES;
				CLANG_WARN_DIRECT_OBJC_ISA_USAGE = YES_ERROR;
				CLANG_WARN_DOCUMENTATION_COMMENTS = YES;
				CLANG_WARN_EMPTY_BODY = YES;
				CLANG_WARN_ENUM_CONVERSION = YES;
				CLANG_WARN_INFINITE_RECURSION = YES;
				CLANG_WARN_INT_CONVERSION = YES;
				CLANG_WARN_NON_LITERAL_NULL_CONVERSION = YES;
				CLANG_WARN_OBJC_IMPLICIT_RETAIN_SELF = YES;
				CLANG_WARN_OBJC_LITERAL_CONVERSION = YES;
				CLANG_WARN_OBJC_ROOT_CLASS = YES_ERROR;
				CLANG_WARN_QUOTED_INCLUDE_IN_FRAMEWORK_HEADER = YES;
				CLANG_WARN_RANGE_LOOP_ANALYSIS = YES;
				CLANG_WARN_STRICT_PROTOTYPES = YES;
				CLANG_WARN_SUSPICIOUS_MOVE = YES;
				CLANG_WARN_UNGUARDED_AVAILABILITY = YES_AGGRESSIVE;
				CLANG_WARN_UNREACHABLE_CODE = YES;
				CLANG_WARN__DUPLICATE_METHOD_MATCH = YES;
				COPY_PHASE_STRIP = NO;
				DEBUG_INFORMATION_FORMAT = "dwarf-with-dsym";
				ENABLE_NS_ASSERTIONS = NO;
				ENABLE_STRICT_OBJC_MSGSEND = YES;
				GCC_C_LANGUAGE_STANDARD = gnu11;
				GCC_NO_COMMON_BLOCKS = YES;
				GCC_WARN_64_TO_32_BIT_CONVERSION = YES;
				GCC_WARN_ABOUT_RETURN_TYPE = YES_ERROR;
				GCC_WARN_UNDECLARED_SELECTOR = YES;
				GCC_WARN_UNINITIALIZED_AUTOS = YES_AGGRESSIVE;
				GCC_WARN_UNUSED_FUNCTION = YES;
				GCC_WARN_UNUSED_VARIABLE = YES;
				IPHONEOS_DEPLOYMENT_TARGET = 15.0;
				MTL_ENABLE_DEBUG_INFO = NO;
				MTL_FAST_MATH = YES;
				SDKROOT = iphoneos;
				SWIFT_COMPILATION_MODE = wholemodule;
				SWIFT_OPTIMIZATION_LEVEL = "-O";
				VALIDATE_PRODUCT = YES;
			};
			name = Release;
		};
		FB827F37274C52ED0050903A /* Debug */ = {
			isa = XCBuildConfiguration;
			buildSettings = {
				ASSETCATALOG_COMPILER_APPICON_NAME = AppIcon;
				ASSETCATALOG_COMPILER_GLOBAL_ACCENT_COLOR_NAME = AccentColor;
				CODE_SIGN_STYLE = Automatic;
				CURRENT_PROJECT_VERSION = 1;
				DEVELOPMENT_TEAM = 8ZV67K9B93;
				GENERATE_INFOPLIST_FILE = YES;
				INFOPLIST_FILE = ChangingBaby/Info.plist;
				INFOPLIST_KEY_LSApplicationCategoryType = "public.app-category.lifestyle";
				INFOPLIST_KEY_NSLocationAlwaysAndWhenInUseUsageDescription = "Veuillez accepter la localisation pour une meilleure expérience";
				INFOPLIST_KEY_NSLocationWhenInUseUsageDescription = "Veuillez accepter la localisation pour une meilleure expérience";
				INFOPLIST_KEY_UIApplicationSupportsIndirectInputEvents = YES;
				INFOPLIST_KEY_UILaunchStoryboardName = LaunchScreen;
				INFOPLIST_KEY_UIMainStoryboardFile = Main;
				INFOPLIST_KEY_UISupportedInterfaceOrientations = UIInterfaceOrientationPortrait;
				INFOPLIST_KEY_UISupportedInterfaceOrientations_iPad = "UIInterfaceOrientationLandscapeLeft UIInterfaceOrientationLandscapeRight UIInterfaceOrientationPortrait UIInterfaceOrientationPortraitUpsideDown";
				INFOPLIST_KEY_UIUserInterfaceStyle = Light;
				IPHONEOS_DEPLOYMENT_TARGET = 15.0;
				LD_RUNPATH_SEARCH_PATHS = (
					"$(inherited)",
					"@executable_path/Frameworks",
				);
				MARKETING_VERSION = 0.1.1;
				PRODUCT_BUNDLE_IDENTIFIER = fr.yvescharpentier.ChangingBaby;
				PRODUCT_NAME = "$(TARGET_NAME)";
				SUPPORTED_PLATFORMS = "iphoneos iphonesimulator";
				SUPPORTS_MACCATALYST = NO;
				SUPPORTS_MAC_DESIGNED_FOR_IPHONE_IPAD = NO;
				SWIFT_EMIT_LOC_STRINGS = YES;
				SWIFT_VERSION = 5.0;
				TARGETED_DEVICE_FAMILY = 1;
			};
			name = Debug;
		};
		FB827F38274C52ED0050903A /* Release */ = {
			isa = XCBuildConfiguration;
			buildSettings = {
				ASSETCATALOG_COMPILER_APPICON_NAME = AppIcon;
				ASSETCATALOG_COMPILER_GLOBAL_ACCENT_COLOR_NAME = AccentColor;
				CODE_SIGN_STYLE = Automatic;
				CURRENT_PROJECT_VERSION = 1;
				DEVELOPMENT_TEAM = 8ZV67K9B93;
				GENERATE_INFOPLIST_FILE = YES;
				INFOPLIST_FILE = ChangingBaby/Info.plist;
				INFOPLIST_KEY_LSApplicationCategoryType = "public.app-category.lifestyle";
				INFOPLIST_KEY_NSLocationAlwaysAndWhenInUseUsageDescription = "Veuillez accepter la localisation pour une meilleure expérience";
				INFOPLIST_KEY_NSLocationWhenInUseUsageDescription = "Veuillez accepter la localisation pour une meilleure expérience";
				INFOPLIST_KEY_UIApplicationSupportsIndirectInputEvents = YES;
				INFOPLIST_KEY_UILaunchStoryboardName = LaunchScreen;
				INFOPLIST_KEY_UIMainStoryboardFile = Main;
				INFOPLIST_KEY_UISupportedInterfaceOrientations = UIInterfaceOrientationPortrait;
				INFOPLIST_KEY_UISupportedInterfaceOrientations_iPad = "UIInterfaceOrientationLandscapeLeft UIInterfaceOrientationLandscapeRight UIInterfaceOrientationPortrait UIInterfaceOrientationPortraitUpsideDown";
				INFOPLIST_KEY_UIUserInterfaceStyle = Light;
				IPHONEOS_DEPLOYMENT_TARGET = 15.0;
				LD_RUNPATH_SEARCH_PATHS = (
					"$(inherited)",
					"@executable_path/Frameworks",
				);
				MARKETING_VERSION = 0.1.1;
				PRODUCT_BUNDLE_IDENTIFIER = fr.yvescharpentier.ChangingBaby;
				PRODUCT_NAME = "$(TARGET_NAME)";
				SUPPORTED_PLATFORMS = "iphoneos iphonesimulator";
				SUPPORTS_MACCATALYST = NO;
				SUPPORTS_MAC_DESIGNED_FOR_IPHONE_IPAD = NO;
				SWIFT_EMIT_LOC_STRINGS = YES;
				SWIFT_VERSION = 5.0;
				TARGETED_DEVICE_FAMILY = 1;
			};
			name = Release;
		};
		FB827F3A274C52ED0050903A /* Debug */ = {
			isa = XCBuildConfiguration;
			buildSettings = {
				ALWAYS_EMBED_SWIFT_STANDARD_LIBRARIES = YES;
				BUNDLE_LOADER = "$(TEST_HOST)";
				CODE_SIGN_STYLE = Automatic;
				CURRENT_PROJECT_VERSION = 1;
				DEVELOPMENT_TEAM = 8ZV67K9B93;
				GENERATE_INFOPLIST_FILE = YES;
				IPHONEOS_DEPLOYMENT_TARGET = 15.0;
				LD_RUNPATH_SEARCH_PATHS = (
					"$(inherited)",
					"@executable_path/Frameworks",
					"@loader_path/Frameworks",
				);
				MARKETING_VERSION = 1.0;
				PRODUCT_BUNDLE_IDENTIFIER = fr.yvescharpentier.ChangingBabyTests;
				PRODUCT_NAME = "$(TARGET_NAME)";
				SWIFT_EMIT_LOC_STRINGS = NO;
				SWIFT_VERSION = 5.0;
				TARGETED_DEVICE_FAMILY = "1,2";
				TEST_HOST = "$(BUILT_PRODUCTS_DIR)/ChangingBaby.app/ChangingBaby";
			};
			name = Debug;
		};
		FB827F3B274C52ED0050903A /* Release */ = {
			isa = XCBuildConfiguration;
			buildSettings = {
				ALWAYS_EMBED_SWIFT_STANDARD_LIBRARIES = YES;
				BUNDLE_LOADER = "$(TEST_HOST)";
				CODE_SIGN_STYLE = Automatic;
				CURRENT_PROJECT_VERSION = 1;
				DEVELOPMENT_TEAM = 8ZV67K9B93;
				GENERATE_INFOPLIST_FILE = YES;
				IPHONEOS_DEPLOYMENT_TARGET = 15.0;
				LD_RUNPATH_SEARCH_PATHS = (
					"$(inherited)",
					"@executable_path/Frameworks",
					"@loader_path/Frameworks",
				);
				MARKETING_VERSION = 1.0;
				PRODUCT_BUNDLE_IDENTIFIER = fr.yvescharpentier.ChangingBabyTests;
				PRODUCT_NAME = "$(TARGET_NAME)";
				SWIFT_EMIT_LOC_STRINGS = NO;
				SWIFT_VERSION = 5.0;
				TARGETED_DEVICE_FAMILY = "1,2";
				TEST_HOST = "$(BUILT_PRODUCTS_DIR)/ChangingBaby.app/ChangingBaby";
			};
			name = Release;
		};
/* End XCBuildConfiguration section */

/* Begin XCConfigurationList section */
		FB827F07274C52EB0050903A /* Build configuration list for PBXProject "ChangingBaby" */ = {
			isa = XCConfigurationList;
			buildConfigurations = (
				FB827F34274C52ED0050903A /* Debug */,
				FB827F35274C52ED0050903A /* Release */,
			);
			defaultConfigurationIsVisible = 0;
			defaultConfigurationName = Release;
		};
		FB827F36274C52ED0050903A /* Build configuration list for PBXNativeTarget "ChangingBaby" */ = {
			isa = XCConfigurationList;
			buildConfigurations = (
				FB827F37274C52ED0050903A /* Debug */,
				FB827F38274C52ED0050903A /* Release */,
			);
			defaultConfigurationIsVisible = 0;
			defaultConfigurationName = Release;
		};
		FB827F39274C52ED0050903A /* Build configuration list for PBXNativeTarget "ChangingBabyTests" */ = {
			isa = XCConfigurationList;
			buildConfigurations = (
				FB827F3A274C52ED0050903A /* Debug */,
				FB827F3B274C52ED0050903A /* Release */,
			);
			defaultConfigurationIsVisible = 0;
			defaultConfigurationName = Release;
		};
/* End XCConfigurationList section */

/* Begin XCRemoteSwiftPackageReference section */
		FB42E139292C10B7009224CB /* XCRemoteSwiftPackageReference "firebase-ios-sdk" */ = {
			isa = XCRemoteSwiftPackageReference;
			repositoryURL = "https://github.com/firebase/firebase-ios-sdk";
			requirement = {
				branch = master;
				kind = branch;
			};
		};
/* End XCRemoteSwiftPackageReference section */

/* Begin XCSwiftPackageProductDependency section */
		FB42E13A292C10B7009224CB /* FirebaseAnalytics */ = {
			isa = XCSwiftPackageProductDependency;
			package = FB42E139292C10B7009224CB /* XCRemoteSwiftPackageReference "firebase-ios-sdk" */;
			productName = FirebaseAnalytics;
		};
		FB42E13C292C10B7009224CB /* FirebaseAuth */ = {
			isa = XCSwiftPackageProductDependency;
			package = FB42E139292C10B7009224CB /* XCRemoteSwiftPackageReference "firebase-ios-sdk" */;
			productName = FirebaseAuth;
		};
		FB42E13E292C10B7009224CB /* FirebaseDatabase */ = {
			isa = XCSwiftPackageProductDependency;
			package = FB42E139292C10B7009224CB /* XCRemoteSwiftPackageReference "firebase-ios-sdk" */;
			productName = FirebaseDatabase;
		};
		FB42E140292C10B7009224CB /* FirebaseFirestore */ = {
			isa = XCSwiftPackageProductDependency;
			package = FB42E139292C10B7009224CB /* XCRemoteSwiftPackageReference "firebase-ios-sdk" */;
			productName = FirebaseFirestore;
		};
/* End XCSwiftPackageProductDependency section */
	};
	rootObject = FB827F04274C52EB0050903A /* Project object */;
}
